
Microsoft Visual Studio Solution File, Format Version 12.00
# Visual Studio Version 16
VisualStudioVersion = 16.0.29709.97
MinimumVisualStudioVersion = 10.0.40219.1
Project("{9A19103F-16F7-4668-BE54-9A1E7A4F7556}") = "CoPo", "CoPo\CoPo.csproj", "{C046426B-D349-4944-8558-FBE79268916A}"
EndProject
Global
	GlobalSection(SolutionConfigurationPlatforms) = preSolution
		Debug|Any CPU = Debug|Any CPU
		Release|Any CPU = Release|Any CPU
	EndGlobalSection
	GlobalSection(ProjectConfigurationPlatforms) = postSolution
		{C046426B-D349-4944-8558-FBE79268916A}.Debug|Any CPU.ActiveCfg = Debug|Any CPU
		{C046426B-D349-4944-8558-FBE79268916A}.Debug|Any CPU.Build.0 = Debug|Any CPU
		{C046426B-D349-4944-8558-FBE79268916A}.Release|Any CPU.ActiveCfg = Release|Any CPU
		{C046426B-D349-4944-8558-FBE79268916A}.Release|Any CPU.Build.0 = Release|Any CPU
	EndGlobalSection
	GlobalSection(SolutionProperties) = preSolution
		HideSolutionNode = FALSE
	EndGlobalSection
	GlobalSection(ExtensibilityGlobals) = postSolution
		SolutionGuid = {AF4220EC-7F6A-420C-8E4A-A1B081A62EE4}
	EndGlobalSection
EndGlobal
