
Microsoft Visual Studio Solution File, Format Version 12.00
# Visual Studio Version 16
VisualStudioVersion = 16.0.29709.97
MinimumVisualStudioVersion = 10.0.40219.1
Project("{FAE04EC0-301F-11D3-BF4B-00C04F79EFBC}") = "WCFLib2", "WCFLib2\WCFLib2.csproj", "{719B7A5D-FAE3-4764-A9B9-DE35CDB0C4FC}"
EndProject
Project("{FAE04EC0-301F-11D3-BF4B-00C04F79EFBC}") = "WindowsService1", "WindowsService1\WindowsService1.csproj", "{A4F10AF5-B215-428B-9E51-5A2A55ADE185}"
EndProject
Global
	GlobalSection(SolutionConfigurationPlatforms) = preSolution
		Debug|Any CPU = Debug|Any CPU
		Release|Any CPU = Release|Any CPU
	EndGlobalSection
	GlobalSection(ProjectConfigurationPlatforms) = postSolution
		{719B7A5D-FAE3-4764-A9B9-DE35CDB0C4FC}.Debug|Any CPU.ActiveCfg = Debug|Any CPU
		{719B7A5D-FAE3-4764-A9B9-DE35CDB0C4FC}.Debug|Any CPU.Build.0 = Debug|Any CPU
		{719B7A5D-FAE3-4764-A9B9-DE35CDB0C4FC}.Release|Any CPU.ActiveCfg = Release|Any CPU
		{719B7A5D-FAE3-4764-A9B9-DE35CDB0C4FC}.Release|Any CPU.Build.0 = Release|Any CPU
		{A4F10AF5-B215-428B-9E51-5A2A55ADE185}.Debug|Any CPU.ActiveCfg = Debug|Any CPU
		{A4F10AF5-B215-428B-9E51-5A2A55ADE185}.Debug|Any CPU.Build.0 = Debug|Any CPU
		{A4F10AF5-B215-428B-9E51-5A2A55ADE185}.Release|Any CPU.ActiveCfg = Release|Any CPU
		{A4F10AF5-B215-428B-9E51-5A2A55ADE185}.Release|Any CPU.Build.0 = Release|Any CPU
	EndGlobalSection
	GlobalSection(SolutionProperties) = preSolution
		HideSolutionNode = FALSE
	EndGlobalSection
	GlobalSection(ExtensibilityGlobals) = postSolution
		SolutionGuid = {DB27CE3E-785E-45D4-91A7-93D01AD0D61E}
	EndGlobalSection
EndGlobal
